
Microsoft Visual Studio Solution File, Format Version 12.00
# Visual Studio 14
VisualStudioVersion = 14.0.22512.0
MinimumVisualStudioVersion = 10.0.40219.1
Project("{8BC9CEB8-8B4A-11D0-8D11-00A0C91BC942}") = "android-native", "android\android.vcxproj", "{D161A90B-DCFA-4699-AB2D-98BB25AF9E2C}"
EndProject
Project("{8BC9CEB8-8B4A-11D0-8D11-00A0C91BC942}") = "logserv", "logserv\logserv.vcxproj", "{78CEE790-73B4-42AF-AA13-6525CFE7A919}"
EndProject
Project("{8BC9CEB8-8B4A-11D0-8D11-00A0C91BC942}") = "timeserv", "timeserv\timeserv.vcxproj", "{4180785D-7356-4CE7-B76B-6A785150B83A}"
EndProject
Global
	GlobalSection(SolutionConfigurationPlatforms) = preSolution
		Debug|armeabi-v7a = Debug|armeabi-v7a
		Debug|x86 = Debug|x86
		Release|armeabi-v7a = Release|armeabi-v7a
		Release|x86 = Release|x86
	EndGlobalSection
	GlobalSection(ProjectConfigurationPlatforms) = postSolution
		{D161A90B-DCFA-4699-AB2D-98BB25AF9E2C}.Debug|armeabi-v7a.ActiveCfg = Debug|ARM
		{D161A90B-DCFA-4699-AB2D-98BB25AF9E2C}.Debug|armeabi-v7a.Build.0 = Debug|ARM
		{D161A90B-DCFA-4699-AB2D-98BB25AF9E2C}.Debug|x86.ActiveCfg = Debug|x86
		{D161A90B-DCFA-4699-AB2D-98BB25AF9E2C}.Debug|x86.Build.0 = Debug|x86
		{D161A90B-DCFA-4699-AB2D-98BB25AF9E2C}.Release|armeabi-v7a.ActiveCfg = Release|ARM
		{D161A90B-DCFA-4699-AB2D-98BB25AF9E2C}.Release|armeabi-v7a.Build.0 = Release|ARM
		{D161A90B-DCFA-4699-AB2D-98BB25AF9E2C}.Release|x86.ActiveCfg = Release|x86
		{D161A90B-DCFA-4699-AB2D-98BB25AF9E2C}.Release|x86.Build.0 = Release|x86
		{78CEE790-73B4-42AF-AA13-6525CFE7A919}.Debug|armeabi-v7a.ActiveCfg = Debug|Win32
		{78CEE790-73B4-42AF-AA13-6525CFE7A919}.Debug|x86.ActiveCfg = Debug|Win32
		{78CEE790-73B4-42AF-AA13-6525CFE7A919}.Debug|x86.Build.0 = Debug|Win32
		{78CEE790-73B4-42AF-AA13-6525CFE7A919}.Release|armeabi-v7a.ActiveCfg = Release|Win32
		{78CEE790-73B4-42AF-AA13-6525CFE7A919}.Release|x86.ActiveCfg = Release|Win32
		{78CEE790-73B4-42AF-AA13-6525CFE7A919}.Release|x86.Build.0 = Release|Win32
		{4180785D-7356-4CE7-B76B-6A785150B83A}.Debug|armeabi-v7a.ActiveCfg = Debug|Win32
		{4180785D-7356-4CE7-B76B-6A785150B83A}.Debug|x86.ActiveCfg = Debug|Win32
		{4180785D-7356-4CE7-B76B-6A785150B83A}.Debug|x86.Build.0 = Debug|Win32
		{4180785D-7356-4CE7-B76B-6A785150B83A}.Release|armeabi-v7a.ActiveCfg = Release|Win32
		{4180785D-7356-4CE7-B76B-6A785150B83A}.Release|x86.ActiveCfg = Release|Win32
		{4180785D-7356-4CE7-B76B-6A785150B83A}.Release|x86.Build.0 = Release|Win32
	EndGlobalSection
	GlobalSection(SolutionProperties) = preSolution
		HideSolutionNode = FALSE
	EndGlobalSection
EndGlobal
